
Microsoft Visual Studio Solution File, Format Version 12.00
# Visual Studio Version 17
VisualStudioVersion = 17.1.32414.318
MinimumVisualStudioVersion = 10.0.40219.1
Project("{9A19103F-16F7-4668-BE54-9A1E7A4F7556}") = "SuggestionAppUI", "SuggestionAppUI\SuggestionAppUI.csproj", "{71167F43-222C-4464-B8CF-4E0C86128C29}"
EndProject
Project("{9A19103F-16F7-4668-BE54-9A1E7A4F7556}") = "SuggestionAppLibrary", "SuggestionAppLibrary\SuggestionAppLibrary.csproj", "{7B8D96E3-C1EC-4C91-BFA7-4B424AA1E831}"
EndProject
Project("{2150E333-8FDC-42A3-9474-1A3956D46DE8}") = "Solution Items", "Solution Items", "{EC8869ED-9CBF-4688-9537-CFFB7D4C04E5}"
	ProjectSection(SolutionItems) = preProject
		.editorconfig = .editorconfig
	EndProjectSection
EndProject
Global
	GlobalSection(SolutionConfigurationPlatforms) = preSolution
		Debug|Any CPU = Debug|Any CPU
		Release|Any CPU = Release|Any CPU
	EndGlobalSection
	GlobalSection(ProjectConfigurationPlatforms) = postSolution
		{71167F43-222C-4464-B8CF-4E0C86128C29}.Debug|Any CPU.ActiveCfg = Debug|Any CPU
		{71167F43-222C-4464-B8CF-4E0C86128C29}.Debug|Any CPU.Build.0 = Debug|Any CPU
		{71167F43-222C-4464-B8CF-4E0C86128C29}.Release|Any CPU.ActiveCfg = Release|Any CPU
		{71167F43-222C-4464-B8CF-4E0C86128C29}.Release|Any CPU.Build.0 = Release|Any CPU
		{7B8D96E3-C1EC-4C91-BFA7-4B424AA1E831}.Debug|Any CPU.ActiveCfg = Debug|Any CPU
		{7B8D96E3-C1EC-4C91-BFA7-4B424AA1E831}.Debug|Any CPU.Build.0 = Debug|Any CPU
		{7B8D96E3-C1EC-4C91-BFA7-4B424AA1E831}.Release|Any CPU.ActiveCfg = Release|Any CPU
		{7B8D96E3-C1EC-4C91-BFA7-4B424AA1E831}.Release|Any CPU.Build.0 = Release|Any CPU
	EndGlobalSection
	GlobalSection(SolutionProperties) = preSolution
		HideSolutionNode = FALSE
	EndGlobalSection
	GlobalSection(ExtensibilityGlobals) = postSolution
		SolutionGuid = {8CA2ACBF-65A6-4BC6-AA37-4CE2E8F90EEB}
	EndGlobalSection
EndGlobal
